<?xml version="1.0" encoding="utf-8"?>
<Project ToolsVersion="4.0" xmlns="http://schemas.microsoft.com/developer/msbuild/2003">
  <ItemGroup>
    <Filter Include="Source Files">
      <UniqueIdentifier>{4FC737F1-C7A5-4376-A066-2A32D752A2FF}</UniqueIdentifier>
      <Extensions>cpp;c;cc;cxx;c++;cppm;ixx;def;odl;idl;hpj;bat;asm;asmx</Extensions>
    </Filter>
    <Filter Include="Header Files">
      <UniqueIdentifier>{93995380-89BD-4b04-88EB-625FBE52EBFB}</UniqueIdentifier>
      <Extensions>h;hh;hpp;hxx;h++;hm;inl;inc;ipp;xsd</Extensions>
    </Filter>
    <Filter Include="Resource Files">
      <UniqueIdentifier>{67DA6AB6-F800-4c08-8B7A-83BB121AAD01}</UniqueIdentifier>
      <Extensions>rc;ico;cur;bmp;dlg;rc2;rct;bin;rgs;gif;jpg;jpeg;jpe;resx;tiff;tif;png;wav;mfcribbon-ms</Extensions>
    </Filter>
    <Filter Include="Header Files\Files">
      <UniqueIdentifier>{22ce88fd-abaf-4d95-a758-669d15b7102c}</UniqueIdentifier>
    </Filter>
    <Filter Include="Source Files\Files">
      <UniqueIdentifier>{5d6cc426-e531-4e3d-b6df-d5502efa4628}</UniqueIdentifier>
    </Filter>
    <Filter Include="Header Files\OS">
      <UniqueIdentifier>{9316b7c6-7e61-4370-a0a5-76360899d39e}</UniqueIdentifier>
    </Filter>
    <Filter Include="Header Files\Utilities">
      <UniqueIdentifier>{d33d3091-c963-4615-8374-fb1632d3ba0b}</UniqueIdentifier>
    </Filter>
    <Filter Include="Source Files\Utilities">
      <UniqueIdentifier>{b6a6df65-9248-4fb7-81a3-c4a4a5dcdd03}</UniqueIdentifier>
    </Filter>
    <Filter Include="Header Files\Image">
      <UniqueIdentifier>{2b9ac6a8-63cd-4cbf-83b5-b8b6d1f34a44}</UniqueIdentifier>
    </Filter>
    <Filter Include="Source Files\Image">
      <UniqueIdentifier>{fd1b0338-3eb2-4415-a7c0-b40fcdd362c6}</UniqueIdentifier>
    </Filter>
    <Filter Include="Header Files\Thread">
      <UniqueIdentifier>{caa8802e-eaed-4f38-bbf8-2acfaa684622}</UniqueIdentifier>
    </Filter>
    <Filter Include="Source Files\Thread">
      <UniqueIdentifier>{1272dc75-d18c-4e9e-8586-8b85a82c06ed}</UniqueIdentifier>
    </Filter>
    <Filter Include="Header Files\Image\Squish">
      <UniqueIdentifier>{53a6ea87-a8fe-4049-bfc1-a4e5dbd75a4e}</UniqueIdentifier>
    </Filter>
    <Filter Include="Source Files\Image\Squish">
      <UniqueIdentifier>{ca1f6db0-1e6f-47c0-80a9-2a090c10b481}</UniqueIdentifier>
    </Filter>
    <Filter Include="Header Files\Image\KTX-Software">
      <UniqueIdentifier>{db43f360-c78f-4242-9b80-34418e16ec66}</UniqueIdentifier>
    </Filter>
    <Filter Include="Source Files\Image\KTX-Software">
      <UniqueIdentifier>{54239a0d-6cea-4668-a950-7d525b34ccac}</UniqueIdentifier>
    </Filter>
    <Filter Include="Header Files\Image\KTX-Software\utils">
      <UniqueIdentifier>{4794ee43-04cb-4926-8b1d-c018e8fb320a}</UniqueIdentifier>
    </Filter>
    <Filter Include="Source Files\Image\KTX-Software\utils">
      <UniqueIdentifier>{97ef9901-9c3f-4eac-805f-b8db776c2b99}</UniqueIdentifier>
    </Filter>
    <Filter Include="Header Files\Image\KTX-Software\include">
      <UniqueIdentifier>{62c487ea-54bc-49aa-9631-2883ddac19b8}</UniqueIdentifier>
    </Filter>
    <Filter Include="Source Files\Image\KTX-Software\include">
      <UniqueIdentifier>{6548593d-53f5-4240-b2cf-93c48e4e4913}</UniqueIdentifier>
    </Filter>
    <Filter Include="Source Files\Image\KTX-Software\lib">
      <UniqueIdentifier>{e1170277-dfa5-415d-9ac3-77c01a0aee8e}</UniqueIdentifier>
    </Filter>
    <Filter Include="Header Files\Image\KTX-Software\lib">
      <UniqueIdentifier>{dabd8f48-751b-463b-ade3-892eba6806db}</UniqueIdentifier>
    </Filter>
    <Filter Include="Header Files\Image\KTX-Software\lib\basisu">
      <UniqueIdentifier>{780f62e6-8506-432f-86f9-06e84c1aa4f0}</UniqueIdentifier>
    </Filter>
    <Filter Include="Source Files\Image\KTX-Software\lib\basisu">
      <UniqueIdentifier>{b9fd88c8-ab66-4f15-ae14-00107e01206b}</UniqueIdentifier>
    </Filter>
    <Filter Include="Source Files\Image\KTX-Software\lib\dfdutils">
      <UniqueIdentifier>{fc6b752a-313b-4c75-b690-2d6dee41dda5}</UniqueIdentifier>
    </Filter>
    <Filter Include="Header Files\Image\KTX-Software\lib\dfdutils">
      <UniqueIdentifier>{9f064cc9-d0e8-454e-8c4a-5ea652a14b32}</UniqueIdentifier>
    </Filter>
    <Filter Include="Header Files\Image\KTX-Software\lib\basisu\zstd">
      <UniqueIdentifier>{acc06ca1-6231-47e1-aa55-fb8a997df0db}</UniqueIdentifier>
    </Filter>
    <Filter Include="Source Files\Image\KTX-Software\lib\basisu\zstd">
      <UniqueIdentifier>{15e5daa2-106b-4a67-96c9-979c5fef0a2c}</UniqueIdentifier>
    </Filter>
    <Filter Include="Header Files\Image\KTX-Software\lib\dfdutils\KHR">
      <UniqueIdentifier>{87449b4b-170b-438e-98f2-9f1d7cdc04d9}</UniqueIdentifier>
    </Filter>
    <Filter Include="Header Files\Image\KTX-Software\lib\basisu\transcoder">
      <UniqueIdentifier>{8be32fb1-4ae8-460a-a018-cb54680b6d56}</UniqueIdentifier>
    </Filter>
    <Filter Include="Source Files\Image\KTX-Software\lib\basisu\transcoder">
      <UniqueIdentifier>{3f462277-9222-4f6f-bf69-11580078685a}</UniqueIdentifier>
    </Filter>
    <Filter Include="Header Files\Image\ISPC">
      <UniqueIdentifier>{2bd07d23-f809-4436-97fe-6c5530f120c0}</UniqueIdentifier>
    </Filter>
    <Filter Include="Source Files\Image\ISPC">
      <UniqueIdentifier>{76c5e28f-083d-46c5-ab1a-05ee2776fd23}</UniqueIdentifier>
    </Filter>
    <Filter Include="Header Files\Time">
      <UniqueIdentifier>{7a9c1c01-90fd-4175-ac57-afe5ab4b7999}</UniqueIdentifier>
    </Filter>
    <Filter Include="Source Files\Time">
      <UniqueIdentifier>{e238a008-4fb5-444c-b6f4-72819d34ba54}</UniqueIdentifier>
    </Filter>
    <Filter Include="Header Files\Image\detex">
      <UniqueIdentifier>{db4e794a-4461-4f8e-9d00-877256bd85d8}</UniqueIdentifier>
    </Filter>
    <Filter Include="Source Files\Image\detex">
      <UniqueIdentifier>{3563a137-73ad-439f-a7bd-9f93c2a222d0}</UniqueIdentifier>
    </Filter>
    <Filter Include="Header Files\Image\ETCPACK">
      <UniqueIdentifier>{e1d94c47-a024-477d-ae54-071bb9d584ed}</UniqueIdentifier>
    </Filter>
    <Filter Include="Source Files\Image\ETCPACK">
      <UniqueIdentifier>{085e56f5-b9f4-4385-9b79-7fd75fd2a254}</UniqueIdentifier>
    </Filter>
    <Filter Include="Header Files\Image\PVRTexTool">
      <UniqueIdentifier>{c018128f-bb40-42b6-98dc-fbe5ecc4c3aa}</UniqueIdentifier>
    </Filter>
    <Filter Include="Source Files\Image\PVRTexTool">
      <UniqueIdentifier>{9dac5872-c56b-4fc5-ae0e-5521c6e5a4b2}</UniqueIdentifier>
    </Filter>
    <Filter Include="Header Files\Image\astc-encoder">
      <UniqueIdentifier>{ea9cc17a-dbaa-4978-8b18-56093e4925f1}</UniqueIdentifier>
    </Filter>
    <Filter Include="Source Files\Image\astc-encoder">
      <UniqueIdentifier>{bca99001-e132-4c30-bcf1-d5b395141f06}</UniqueIdentifier>
    </Filter>
    <Filter Include="Header Files\Image\DDS">
      <UniqueIdentifier>{26c66a21-884f-4beb-a805-57a657a7f253}</UniqueIdentifier>
    </Filter>
    <Filter Include="Source Files\Image\DDS">
      <UniqueIdentifier>{3f445931-a3b3-4bc3-801b-e3dbaa689b48}</UniqueIdentifier>
    </Filter>
    <Filter Include="Header Files\Image\ICC">
      <UniqueIdentifier>{589c1f66-c73c-4b90-b6ee-9bb552e10641}</UniqueIdentifier>
    </Filter>
    <Filter Include="Source Files\Image\ICC">
      <UniqueIdentifier>{03cb37c7-6454-4cdd-861e-3a051c36c8ba}</UniqueIdentifier>
    </Filter>
    <Filter Include="Header Files\Image\Little-CMS">
      <UniqueIdentifier>{17544e54-4c79-4694-b520-32c56ee6dc1c}</UniqueIdentifier>
    </Filter>
    <Filter Include="Source Files\Image\Little-CMS">
      <UniqueIdentifier>{a9e3ab4b-a094-4575-a562-1eb862ba9a3a}</UniqueIdentifier>
    </Filter>
    <Filter Include="Header Files\Image\Little-CMS\include">
      <UniqueIdentifier>{7b78ac39-cbdb-4c48-b693-6a9f859a0eb9}</UniqueIdentifier>
    </Filter>
    <Filter Include="Header Files\Image\Little-CMS\src">
      <UniqueIdentifier>{1ea1178e-9151-4852-af32-dda4b2164878}</UniqueIdentifier>
    </Filter>
    <Filter Include="Source Files\Image\Little-CMS\src">
      <UniqueIdentifier>{8b64bcc4-a05f-45bb-8657-cf977ed6f68d}</UniqueIdentifier>
    </Filter>
  </ItemGroup>
  <ItemGroup>
    <ClInclude Include="Src\SL2SurfaceLevel2.h">
      <Filter>Header Files</Filter>
    </ClInclude>
    <ClInclude Include="Src\Files\SL2FileBase.h">
      <Filter>Header Files\Files</Filter>
    </ClInclude>
    <ClInclude Include="Src\Files\SL2StdFile.h">
      <Filter>Header Files\Files</Filter>
    </ClInclude>
    <ClInclude Include="Src\OS\SL2Os.h">
      <Filter>Header Files\OS</Filter>
    </ClInclude>
    <ClInclude Include="Src\OS\SL2Windows.h">
      <Filter>Header Files\OS</Filter>
    </ClInclude>
    <ClInclude Include="Src\Utilities\SL2Utilities.h">
      <Filter>Header Files\Utilities</Filter>
    </ClInclude>
    <ClInclude Include="Src\Image\SL2Surface.h">
      <Filter>Header Files\Image</Filter>
    </ClInclude>
    <ClInclude Include="Src\Image\SL2Image.h">
      <Filter>Header Files\Image</Filter>
    </ClInclude>
    <ClInclude Include="Src\Image\SL2Formats.h">
      <Filter>Header Files\Image</Filter>
    </ClInclude>
    <ClInclude Include="Src\Utilities\SL2FloatX.h">
      <Filter>Header Files\Utilities</Filter>
    </ClInclude>
    <ClInclude Include="Src\Utilities\SL2Float16.h">
      <Filter>Header Files\Utilities</Filter>
    </ClInclude>
    <ClInclude Include="Src\Thread\SL2Events.h">
      <Filter>Header Files\Thread</Filter>
    </ClInclude>
    <ClInclude Include="Src\Image\Squish\alpha.h">
      <Filter>Header Files\Image\Squish</Filter>
    </ClInclude>
    <ClInclude Include="Src\Image\Squish\clusterfit.h">
      <Filter>Header Files\Image\Squish</Filter>
    </ClInclude>
    <ClInclude Include="Src\Image\Squish\colourblock.h">
      <Filter>Header Files\Image\Squish</Filter>
    </ClInclude>
    <ClInclude Include="Src\Image\Squish\colourfit.h">
      <Filter>Header Files\Image\Squish</Filter>
    </ClInclude>
    <ClInclude Include="Src\Image\Squish\colourset.h">
      <Filter>Header Files\Image\Squish</Filter>
    </ClInclude>
    <ClInclude Include="Src\Image\Squish\config.h">
      <Filter>Header Files\Image\Squish</Filter>
    </ClInclude>
    <ClInclude Include="Src\Image\Squish\maths.h">
      <Filter>Header Files\Image\Squish</Filter>
    </ClInclude>
    <ClInclude Include="Src\Image\Squish\rangefit.h">
      <Filter>Header Files\Image\Squish</Filter>
    </ClInclude>
    <ClInclude Include="Src\Image\Squish\simd.h">
      <Filter>Header Files\Image\Squish</Filter>
    </ClInclude>
    <ClInclude Include="Src\Image\Squish\simd_float.h">
      <Filter>Header Files\Image\Squish</Filter>
    </ClInclude>
    <ClInclude Include="Src\Image\Squish\simd_sse.h">
      <Filter>Header Files\Image\Squish</Filter>
    </ClInclude>
    <ClInclude Include="Src\Image\Squish\simd_ve.h">
      <Filter>Header Files\Image\Squish</Filter>
    </ClInclude>
    <ClInclude Include="Src\Image\Squish\singlecolourfit.h">
      <Filter>Header Files\Image\Squish</Filter>
    </ClInclude>
    <ClInclude Include="Src\Image\Squish\squish.h">
      <Filter>Header Files\Image\Squish</Filter>
    </ClInclude>
    <ClInclude Include="Src\Utilities\SL2Stream.h">
      <Filter>Header Files\Utilities</Filter>
    </ClInclude>
    <ClInclude Include="Src\Image\KTX-Software\include\ktx.h">
      <Filter>Header Files\Image\KTX-Software\include</Filter>
    </ClInclude>
    <ClInclude Include="Src\Image\KTX-Software\lib\basis_sgd.h">
      <Filter>Header Files\Image\KTX-Software\lib</Filter>
    </ClInclude>
    <ClInclude Include="Src\Image\KTX-Software\lib\filestream.h">
      <Filter>Header Files\Image\KTX-Software\lib</Filter>
    </ClInclude>
    <ClInclude Include="Src\Image\KTX-Software\lib\formatsize.h">
      <Filter>Header Files\Image\KTX-Software\lib</Filter>
    </ClInclude>
    <ClInclude Include="Src\Image\KTX-Software\lib\gl_format.h">
      <Filter>Header Files\Image\KTX-Software\lib</Filter>
    </ClInclude>
    <ClInclude Include="Src\Image\KTX-Software\lib\ktxint.h">
      <Filter>Header Files\Image\KTX-Software\lib</Filter>
    </ClInclude>
    <ClInclude Include="Src\Image\KTX-Software\lib\memstream.h">
      <Filter>Header Files\Image\KTX-Software\lib</Filter>
    </ClInclude>
    <ClInclude Include="Src\Image\KTX-Software\lib\texture.h">
      <Filter>Header Files\Image\KTX-Software\lib</Filter>
    </ClInclude>
    <ClInclude Include="Src\Image\KTX-Software\lib\texture1.h">
      <Filter>Header Files\Image\KTX-Software\lib</Filter>
    </ClInclude>
    <ClInclude Include="Src\Image\KTX-Software\lib\texture2.h">
      <Filter>Header Files\Image\KTX-Software\lib</Filter>
    </ClInclude>
    <ClInclude Include="Src\Image\KTX-Software\lib\uthash.h">
      <Filter>Header Files\Image\KTX-Software\lib</Filter>
    </ClInclude>
    <ClInclude Include="Src\Image\KTX-Software\lib\vk_format.h">
      <Filter>Header Files\Image\KTX-Software\lib</Filter>
    </ClInclude>
    <ClInclude Include="Src\Image\KTX-Software\lib\vkformat_enum.h">
      <Filter>Header Files\Image\KTX-Software\lib</Filter>
    </ClInclude>
    <ClInclude Include="Src\Image\KTX-Software\utils\unused.h">
      <Filter>Header Files\Image\KTX-Software\utils</Filter>
    </ClInclude>
    <ClInclude Include="Src\Image\KTX-Software\lib\basisu\zstd\zstd.h">
      <Filter>Header Files\Image\KTX-Software\lib\basisu\zstd</Filter>
    </ClInclude>
    <ClInclude Include="Src\Image\KTX-Software\lib\basisu\zstd\zstd_errors.h">
      <Filter>Header Files\Image\KTX-Software\lib\basisu\zstd</Filter>
    </ClInclude>
    <ClInclude Include="Src\Image\KTX-Software\lib\dfdutils\dfd.h">
      <Filter>Header Files\Image\KTX-Software\lib\dfdutils</Filter>
    </ClInclude>
    <ClInclude Include="Src\Image\KTX-Software\lib\dfdutils\KHR\khr_df.h">
      <Filter>Header Files\Image\KTX-Software\lib\dfdutils\KHR</Filter>
    </ClInclude>
    <ClInclude Include="Src\Image\KTX-Software\lib\dfdutils\KHR\khrplatform.h">
      <Filter>Header Files\Image\KTX-Software\lib\dfdutils\KHR</Filter>
    </ClInclude>
    <ClInclude Include="Src\Image\SL2KtxTexture.h">
      <Filter>Header Files\Image</Filter>
    </ClInclude>
    <ClInclude Include="Src\Image\KTX-Software\lib\basisu\transcoder\basisu.h">
      <Filter>Header Files\Image\KTX-Software\lib\basisu\transcoder</Filter>
    </ClInclude>
    <ClInclude Include="Src\Image\KTX-Software\lib\basisu\transcoder\basisu_containers.h">
      <Filter>Header Files\Image\KTX-Software\lib\basisu\transcoder</Filter>
    </ClInclude>
    <ClInclude Include="Src\Image\KTX-Software\lib\basisu\transcoder\basisu_containers_impl.h">
      <Filter>Header Files\Image\KTX-Software\lib\basisu\transcoder</Filter>
    </ClInclude>
    <ClInclude Include="Src\Image\KTX-Software\lib\basisu\transcoder\basisu_file_headers.h">
      <Filter>Header Files\Image\KTX-Software\lib\basisu\transcoder</Filter>
    </ClInclude>
    <ClInclude Include="Src\Image\KTX-Software\lib\basisu\transcoder\basisu_global_selector_cb.h">
      <Filter>Header Files\Image\KTX-Software\lib\basisu\transcoder</Filter>
    </ClInclude>
    <ClInclude Include="Src\Image\KTX-Software\lib\basisu\transcoder\basisu_global_selector_palette.h">
      <Filter>Header Files\Image\KTX-Software\lib\basisu\transcoder</Filter>
    </ClInclude>
    <ClInclude Include="Src\Image\KTX-Software\lib\basisu\transcoder\basisu_transcoder.h">
      <Filter>Header Files\Image\KTX-Software\lib\basisu\transcoder</Filter>
    </ClInclude>
    <ClInclude Include="Src\Image\KTX-Software\lib\basisu\transcoder\basisu_transcoder_internal.h">
      <Filter>Header Files\Image\KTX-Software\lib\basisu\transcoder</Filter>
    </ClInclude>
    <ClInclude Include="Src\Image\KTX-Software\lib\basisu\transcoder\basisu_transcoder_uastc.h">
      <Filter>Header Files\Image\KTX-Software\lib\basisu\transcoder</Filter>
    </ClInclude>
    <ClInclude Include="Src\Image\ISPC\ispc_texcomp.h">
      <Filter>Header Files\Image\ISPC</Filter>
    </ClInclude>
    <ClInclude Include="Src\Time\SL2Clock.h">
      <Filter>Header Files\Time</Filter>
    </ClInclude>
    <ClInclude Include="Src\Image\detex\bits.h">
      <Filter>Header Files\Image\detex</Filter>
    </ClInclude>
    <ClInclude Include="Src\Image\detex\bptc-tables.h">
      <Filter>Header Files\Image\detex</Filter>
    </ClInclude>
    <ClInclude Include="Src\Image\detex\detex.h">
      <Filter>Header Files\Image\detex</Filter>
    </ClInclude>
    <ClInclude Include="Src\Image\detex\file-info.h">
      <Filter>Header Files\Image\detex</Filter>
    </ClInclude>
    <ClInclude Include="Src\Image\detex\half-float.h">
      <Filter>Header Files\Image\detex</Filter>
    </ClInclude>
    <ClInclude Include="Src\Image\detex\hdr.h">
      <Filter>Header Files\Image\detex</Filter>
    </ClInclude>
    <ClInclude Include="Src\Image\detex\misc.h">
      <Filter>Header Files\Image\detex</Filter>
    </ClInclude>
    <ClInclude Include="Src\Image\ETCPACK\etcpack.h">
      <Filter>Header Files\Image\ETCPACK</Filter>
    </ClInclude>
    <ClInclude Include="Src\Image\PVRTexTool\PVRTexLib.h">
      <Filter>Header Files\Image\PVRTexTool</Filter>
    </ClInclude>
    <ClInclude Include="Src\Image\PVRTexTool\PVRTexLib.hpp">
      <Filter>Header Files\Image\PVRTexTool</Filter>
    </ClInclude>
    <ClInclude Include="Src\Image\PVRTexTool\PVRTexLibDefines.h">
      <Filter>Header Files\Image\PVRTexTool</Filter>
    </ClInclude>
    <ClInclude Include="Src\Image\PVRTexTool\PVRTextureVersion.h">
      <Filter>Header Files\Image\PVRTexTool</Filter>
    </ClInclude>
    <ClInclude Include="Src\Image\astc-encoder\astcenc.h">
      <Filter>Header Files\Image\astc-encoder</Filter>
    </ClInclude>
    <ClInclude Include="Src\Image\astc-encoder\astcenc_diagnostic_trace.h">
      <Filter>Header Files\Image\astc-encoder</Filter>
    </ClInclude>
    <ClInclude Include="Src\Image\astc-encoder\astcenc_internal.h">
      <Filter>Header Files\Image\astc-encoder</Filter>
    </ClInclude>
    <ClInclude Include="Src\Image\astc-encoder\astcenc_internal_entry.h">
      <Filter>Header Files\Image\astc-encoder</Filter>
    </ClInclude>
    <ClInclude Include="Src\Image\astc-encoder\astcenc_mathlib.h">
      <Filter>Header Files\Image\astc-encoder</Filter>
    </ClInclude>
    <ClInclude Include="Src\Image\astc-encoder\astcenc_vecmathlib.h">
      <Filter>Header Files\Image\astc-encoder</Filter>
    </ClInclude>
    <ClInclude Include="Src\Image\astc-encoder\astcenc_vecmathlib_avx2_8.h">
      <Filter>Header Files\Image\astc-encoder</Filter>
    </ClInclude>
    <ClInclude Include="Src\Image\astc-encoder\astcenc_vecmathlib_common_4.h">
      <Filter>Header Files\Image\astc-encoder</Filter>
    </ClInclude>
    <ClInclude Include="Src\Image\astc-encoder\astcenc_vecmathlib_neon_4.h">
      <Filter>Header Files\Image\astc-encoder</Filter>
    </ClInclude>
    <ClInclude Include="Src\Image\astc-encoder\astcenc_vecmathlib_none_4.h">
      <Filter>Header Files\Image\astc-encoder</Filter>
    </ClInclude>
    <ClInclude Include="Src\Image\astc-encoder\astcenc_vecmathlib_sse_4.h">
      <Filter>Header Files\Image\astc-encoder</Filter>
    </ClInclude>
    <ClInclude Include="Src\Image\astc-encoder\astcenccli_internal.h">
      <Filter>Header Files\Image\astc-encoder</Filter>
    </ClInclude>
    <ClInclude Include="Src\Image\astc-encoder\stb_image.h">
      <Filter>Header Files\Image\astc-encoder</Filter>
    </ClInclude>
    <ClInclude Include="Src\Image\astc-encoder\stb_image_write.h">
      <Filter>Header Files\Image\astc-encoder</Filter>
    </ClInclude>
    <ClInclude Include="Src\Image\astc-encoder\tinyexr.h">
      <Filter>Header Files\Image\astc-encoder</Filter>
    </ClInclude>
    <ClInclude Include="Src\Image\DDS\SL2Dds.h">
      <Filter>Header Files\Image\DDS</Filter>
    </ClInclude>
    <ClInclude Include="Src\Utilities\SL2FeatureSet.h">
      <Filter>Header Files\Utilities</Filter>
    </ClInclude>
    <ClInclude Include="Src\Utilities\SL2Resampler.h">
      <Filter>Header Files\Utilities</Filter>
    </ClInclude>
    <ClInclude Include="Src\Image\SL2TextureAddressing.h">
      <Filter>Header Files\Image</Filter>
    </ClInclude>
    <ClInclude Include="Src\Utilities\SL2AlignmentAllocator.h">
      <Filter>Header Files\Utilities</Filter>
    </ClInclude>
    <ClInclude Include="Src\Image\SL2Kernel.h">
      <Filter>Header Files\Image</Filter>
    </ClInclude>
    <ClInclude Include="Src\Image\ICC\SL2Icc.h">
      <Filter>Header Files\Image\ICC</Filter>
    </ClInclude>
    <ClInclude Include="Src\Image\ICC\SL2IccDefs.h">
      <Filter>Header Files\Image\ICC</Filter>
    </ClInclude>
    <ClInclude Include="Src\Utilities\SL2Matrix4x4.h">
      <Filter>Header Files\Utilities</Filter>
    </ClInclude>
    <ClInclude Include="Src\Utilities\SL2SimdTypes.h">
      <Filter>Header Files\Utilities</Filter>
    </ClInclude>
    <ClInclude Include="Src\Image\Little-CMS\include\lcms2_plugin.h">
      <Filter>Header Files\Image\Little-CMS\include</Filter>
    </ClInclude>
    <ClInclude Include="Src\Image\Little-CMS\include\lcms2.h">
      <Filter>Header Files\Image\Little-CMS\include</Filter>
    </ClInclude>
    <ClInclude Include="Src\Image\Little-CMS\src\lcms2_internal.h">
      <Filter>Header Files\Image\Little-CMS\src</Filter>
    </ClInclude>
    <ClInclude Include="Src\Image\SL2Palette.h">
      <Filter>Header Files\Image</Filter>
    </ClInclude>
    <ClInclude Include="Src\Utilities\SL2Vector4.h">
      <Filter>Header Files\Utilities</Filter>
    </ClInclude>
    <ClInclude Include="Src\Image\ISPC\cielab_ispc.h">
      <Filter>Header Files\Image\ISPC</Filter>
    </ClInclude>
  </ItemGroup>
  <ItemGroup>
    <ClCompile Include="Src\SL2SurfaceLevel2.cpp">
      <Filter>Source Files</Filter>
    </ClCompile>
    <ClCompile Include="Src\Files\SL2StdFile.cpp">
      <Filter>Source Files\Files</Filter>
    </ClCompile>
    <ClCompile Include="Src\Utilities\SL2Utilities.cpp">
      <Filter>Source Files\Utilities</Filter>
    </ClCompile>
    <ClCompile Include="Src\Image\SL2Surface.cpp">
      <Filter>Source Files\Image</Filter>
    </ClCompile>
    <ClCompile Include="Src\Image\SL2Image.cpp">
      <Filter>Source Files\Image</Filter>
    </ClCompile>
    <ClCompile Include="Src\Image\SL2Formats.cpp">
      <Filter>Source Files\Image</Filter>
    </ClCompile>
    <ClCompile Include="Src\Utilities\SL2FloatX.cpp">
      <Filter>Source Files\Utilities</Filter>
    </ClCompile>
    <ClCompile Include="Src\Thread\SL2Events.cpp">
      <Filter>Source Files\Thread</Filter>
    </ClCompile>
    <ClCompile Include="Src\Image\Squish\alpha.cpp">
      <Filter>Source Files\Image\Squish</Filter>
    </ClCompile>
    <ClCompile Include="Src\Image\Squish\clusterfit.cpp">
      <Filter>Source Files\Image\Squish</Filter>
    </ClCompile>
    <ClCompile Include="Src\Image\Squish\colourblock.cpp">
      <Filter>Source Files\Image\Squish</Filter>
    </ClCompile>
    <ClCompile Include="Src\Image\Squish\colourfit.cpp">
      <Filter>Source Files\Image\Squish</Filter>
    </ClCompile>
    <ClCompile Include="Src\Image\Squish\colourset.cpp">
      <Filter>Source Files\Image\Squish</Filter>
    </ClCompile>
    <ClCompile Include="Src\Image\Squish\maths.cpp">
      <Filter>Source Files\Image\Squish</Filter>
    </ClCompile>
    <ClCompile Include="Src\Image\Squish\rangefit.cpp">
      <Filter>Source Files\Image\Squish</Filter>
    </ClCompile>
    <ClCompile Include="Src\Image\Squish\singlecolourfit.cpp">
      <Filter>Source Files\Image\Squish</Filter>
    </ClCompile>
    <ClCompile Include="Src\Image\Squish\squish.cpp">
      <Filter>Source Files\Image\Squish</Filter>
    </ClCompile>
    <ClCompile Include="Src\Image\KTX-Software\lib\checkheader.c">
      <Filter>Source Files\Image\KTX-Software\lib</Filter>
    </ClCompile>
    <ClCompile Include="Src\Image\KTX-Software\lib\filestream.c">
      <Filter>Source Files\Image\KTX-Software\lib</Filter>
    </ClCompile>
    <ClCompile Include="Src\Image\KTX-Software\lib\hashlist.c">
      <Filter>Source Files\Image\KTX-Software\lib</Filter>
    </ClCompile>
    <ClCompile Include="Src\Image\KTX-Software\lib\info.c">
      <Filter>Source Files\Image\KTX-Software\lib</Filter>
    </ClCompile>
    <ClCompile Include="Src\Image\KTX-Software\lib\memstream.c">
      <Filter>Source Files\Image\KTX-Software\lib</Filter>
    </ClCompile>
    <ClCompile Include="Src\Image\KTX-Software\lib\strings.c">
      <Filter>Source Files\Image\KTX-Software\lib</Filter>
    </ClCompile>
    <ClCompile Include="Src\Image\KTX-Software\lib\swap.c">
      <Filter>Source Files\Image\KTX-Software\lib</Filter>
    </ClCompile>
    <ClCompile Include="Src\Image\KTX-Software\lib\texture.c">
      <Filter>Source Files\Image\KTX-Software\lib</Filter>
    </ClCompile>
    <ClCompile Include="Src\Image\KTX-Software\lib\texture1.c">
      <Filter>Source Files\Image\KTX-Software\lib</Filter>
    </ClCompile>
    <ClCompile Include="Src\Image\KTX-Software\lib\texture2.c">
      <Filter>Source Files\Image\KTX-Software\lib</Filter>
    </ClCompile>
    <ClCompile Include="Src\Image\KTX-Software\lib\vkformat_check.c">
      <Filter>Source Files\Image\KTX-Software\lib</Filter>
    </ClCompile>
    <ClCompile Include="Src\Image\KTX-Software\lib\vkformat_str.c">
      <Filter>Source Files\Image\KTX-Software\lib</Filter>
    </ClCompile>
    <ClCompile Include="Src\Image\KTX-Software\lib\writer1.c">
      <Filter>Source Files\Image\KTX-Software\lib</Filter>
    </ClCompile>
    <ClCompile Include="Src\Image\KTX-Software\lib\writer2.c">
      <Filter>Source Files\Image\KTX-Software\lib</Filter>
    </ClCompile>
    <ClCompile Include="Src\Image\KTX-Software\lib\basis_transcode.cpp">
      <Filter>Source Files\Image\KTX-Software\lib</Filter>
    </ClCompile>
    <ClCompile Include="Src\Image\KTX-Software\lib\etcdec.cxx">
      <Filter>Source Files\Image\KTX-Software\lib</Filter>
    </ClCompile>
    <ClCompile Include="Src\Image\KTX-Software\lib\etcunpack.cxx">
      <Filter>Source Files\Image\KTX-Software\lib</Filter>
    </ClCompile>
    <ClCompile Include="Src\Image\KTX-Software\lib\basisu\zstd\zstd.c">
      <Filter>Source Files\Image\KTX-Software\lib\basisu\zstd</Filter>
    </ClCompile>
    <ClCompile Include="Src\Image\KTX-Software\lib\dfdutils\colourspaces.c">
      <Filter>Source Files\Image\KTX-Software\lib\dfdutils</Filter>
    </ClCompile>
    <ClCompile Include="Src\Image\KTX-Software\lib\dfdutils\createdfd.c">
      <Filter>Source Files\Image\KTX-Software\lib\dfdutils</Filter>
    </ClCompile>
    <ClCompile Include="Src\Image\KTX-Software\lib\dfdutils\interpretdfd.c">
      <Filter>Source Files\Image\KTX-Software\lib\dfdutils</Filter>
    </ClCompile>
    <ClCompile Include="Src\Image\KTX-Software\lib\dfdutils\printdfd.c">
      <Filter>Source Files\Image\KTX-Software\lib\dfdutils</Filter>
    </ClCompile>
    <ClCompile Include="Src\Image\KTX-Software\lib\dfdutils\queries.c">
      <Filter>Source Files\Image\KTX-Software\lib\dfdutils</Filter>
    </ClCompile>
    <ClCompile Include="Src\Image\KTX-Software\lib\dfdutils\vk2dfd.c">
      <Filter>Source Files\Image\KTX-Software\lib\dfdutils</Filter>
    </ClCompile>
    <ClCompile Include="Src\Image\KTX-Software\lib\basisu\transcoder\basisu_transcoder.cpp">
      <Filter>Source Files\Image\KTX-Software\lib\basisu\transcoder</Filter>
    </ClCompile>
    <ClCompile Include="Src\Files\SL2FileBase.cpp">
      <Filter>Source Files\Files</Filter>
    </ClCompile>
    <ClCompile Include="Src\Image\ISPC\ispc_texcomp.cpp">
      <Filter>Source Files\Image\ISPC</Filter>
    </ClCompile>
    <ClCompile Include="Src\Image\ISPC\ispc_texcomp_astc.cpp">
      <Filter>Source Files\Image\ISPC</Filter>
    </ClCompile>
    <ClCompile Include="Src\Time\SL2Clock.cpp">
      <Filter>Source Files\Time</Filter>
    </ClCompile>
    <ClCompile Include="Src\Image\detex\bits.c">
      <Filter>Source Files\Image\detex</Filter>
    </ClCompile>
    <ClCompile Include="Src\Image\detex\bptc-tables.c">
      <Filter>Source Files\Image\detex</Filter>
    </ClCompile>
    <ClCompile Include="Src\Image\detex\clamp.c">
      <Filter>Source Files\Image\detex</Filter>
    </ClCompile>
    <ClCompile Include="Src\Image\detex\convert.c">
      <Filter>Source Files\Image\detex</Filter>
    </ClCompile>
    <ClCompile Include="Src\Image\detex\decompress-bc.c">
      <Filter>Source Files\Image\detex</Filter>
    </ClCompile>
    <ClCompile Include="Src\Image\detex\decompress-bptc.c">
      <Filter>Source Files\Image\detex</Filter>
    </ClCompile>
    <ClCompile Include="Src\Image\detex\decompress-bptc-float.c">
      <Filter>Source Files\Image\detex</Filter>
    </ClCompile>
    <ClCompile Include="Src\Image\detex\decompress-eac.c">
      <Filter>Source Files\Image\detex</Filter>
    </ClCompile>
    <ClCompile Include="Src\Image\detex\decompress-etc.c">
      <Filter>Source Files\Image\detex</Filter>
    </ClCompile>
    <ClCompile Include="Src\Image\detex\decompress-rgtc.c">
      <Filter>Source Files\Image\detex</Filter>
    </ClCompile>
    <ClCompile Include="Src\Image\detex\division-tables.c">
      <Filter>Source Files\Image\detex</Filter>
    </ClCompile>
    <ClCompile Include="Src\Image\detex\dt-texture.c">
      <Filter>Source Files\Image\detex</Filter>
    </ClCompile>
    <ClCompile Include="Src\Image\detex\half-float.c">
      <Filter>Source Files\Image\detex</Filter>
    </ClCompile>
    <ClCompile Include="Src\Image\detex\hdr.c">
      <Filter>Source Files\Image\detex</Filter>
    </ClCompile>
    <ClCompile Include="Src\Image\detex\misc.c">
      <Filter>Source Files\Image\detex</Filter>
    </ClCompile>
    <ClCompile Include="Src\Image\ETCPACK\etcdec_.cxx">
      <Filter>Source Files\Image\ETCPACK</Filter>
    </ClCompile>
    <ClCompile Include="Src\Image\ETCPACK\etcpack.cxx">
      <Filter>Source Files\Image\ETCPACK</Filter>
    </ClCompile>
    <ClCompile Include="Src\Image\astc-encoder\wuffs-v0.3.c">
      <Filter>Source Files\Image\astc-encoder</Filter>
    </ClCompile>
    <ClCompile Include="Src\Image\astc-encoder\astcenc_averages_and_directions.cpp">
      <Filter>Source Files\Image\astc-encoder</Filter>
    </ClCompile>
    <ClCompile Include="Src\Image\astc-encoder\astcenc_block_sizes.cpp">
      <Filter>Source Files\Image\astc-encoder</Filter>
    </ClCompile>
    <ClCompile Include="Src\Image\astc-encoder\astcenc_color_quantize.cpp">
      <Filter>Source Files\Image\astc-encoder</Filter>
    </ClCompile>
    <ClCompile Include="Src\Image\astc-encoder\astcenc_color_unquantize.cpp">
      <Filter>Source Files\Image\astc-encoder</Filter>
    </ClCompile>
    <ClCompile Include="Src\Image\astc-encoder\astcenc_compress_symbolic.cpp">
      <Filter>Source Files\Image\astc-encoder</Filter>
    </ClCompile>
    <ClCompile Include="Src\Image\astc-encoder\astcenc_compute_variance.cpp">
      <Filter>Source Files\Image\astc-encoder</Filter>
    </ClCompile>
    <ClCompile Include="Src\Image\astc-encoder\astcenc_decompress_symbolic.cpp">
      <Filter>Source Files\Image\astc-encoder</Filter>
    </ClCompile>
    <ClCompile Include="Src\Image\astc-encoder\astcenc_diagnostic_trace.cpp">
      <Filter>Source Files\Image\astc-encoder</Filter>
    </ClCompile>
    <ClCompile Include="Src\Image\astc-encoder\astcenc_entry.cpp">
      <Filter>Source Files\Image\astc-encoder</Filter>
    </ClCompile>
    <ClCompile Include="Src\Image\astc-encoder\astcenc_find_best_partitioning.cpp">
      <Filter>Source Files\Image\astc-encoder</Filter>
    </ClCompile>
    <ClCompile Include="Src\Image\astc-encoder\astcenc_ideal_endpoints_and_weights.cpp">
      <Filter>Source Files\Image\astc-encoder</Filter>
    </ClCompile>
    <ClCompile Include="Src\Image\astc-encoder\astcenc_image.cpp">
      <Filter>Source Files\Image\astc-encoder</Filter>
    </ClCompile>
    <ClCompile Include="Src\Image\astc-encoder\astcenc_integer_sequence.cpp">
      <Filter>Source Files\Image\astc-encoder</Filter>
    </ClCompile>
    <ClCompile Include="Src\Image\astc-encoder\astcenc_mathlib.cpp">
      <Filter>Source Files\Image\astc-encoder</Filter>
    </ClCompile>
    <ClCompile Include="Src\Image\astc-encoder\astcenc_mathlib_softfloat.cpp">
      <Filter>Source Files\Image\astc-encoder</Filter>
    </ClCompile>
    <ClCompile Include="Src\Image\astc-encoder\astcenc_partition_tables.cpp">
      <Filter>Source Files\Image\astc-encoder</Filter>
    </ClCompile>
    <ClCompile Include="Src\Image\astc-encoder\astcenc_percentile_tables.cpp">
      <Filter>Source Files\Image\astc-encoder</Filter>
    </ClCompile>
    <ClCompile Include="Src\Image\astc-encoder\astcenc_pick_best_endpoint_format.cpp">
      <Filter>Source Files\Image\astc-encoder</Filter>
    </ClCompile>
    <ClCompile Include="Src\Image\astc-encoder\astcenc_quantization.cpp">
      <Filter>Source Files\Image\astc-encoder</Filter>
    </ClCompile>
    <ClCompile Include="Src\Image\astc-encoder\astcenc_symbolic_physical.cpp">
      <Filter>Source Files\Image\astc-encoder</Filter>
    </ClCompile>
    <ClCompile Include="Src\Image\astc-encoder\astcenc_weight_align.cpp">
      <Filter>Source Files\Image\astc-encoder</Filter>
    </ClCompile>
    <ClCompile Include="Src\Image\astc-encoder\astcenc_weight_quant_xfer_tables.cpp">
      <Filter>Source Files\Image\astc-encoder</Filter>
    </ClCompile>
    <ClCompile Include="Src\Image\astc-encoder\astcenccli_entry.cpp">
      <Filter>Source Files\Image\astc-encoder</Filter>
    </ClCompile>
    <ClCompile Include="Src\Image\astc-encoder\astcenccli_error_metrics.cpp">
      <Filter>Source Files\Image\astc-encoder</Filter>
    </ClCompile>
    <ClCompile Include="Src\Image\astc-encoder\astcenccli_image.cpp">
      <Filter>Source Files\Image\astc-encoder</Filter>
    </ClCompile>
    <ClCompile Include="Src\Image\astc-encoder\astcenccli_image_external.cpp">
      <Filter>Source Files\Image\astc-encoder</Filter>
    </ClCompile>
    <ClCompile Include="Src\Image\astc-encoder\astcenccli_image_load_store.cpp">
      <Filter>Source Files\Image\astc-encoder</Filter>
    </ClCompile>
    <ClCompile Include="Src\Image\astc-encoder\astcenccli_platform_dependents.cpp">
      <Filter>Source Files\Image\astc-encoder</Filter>
    </ClCompile>
    <ClCompile Include="Src\Image\astc-encoder\astcenccli_toplevel.cpp">
      <Filter>Source Files\Image\astc-encoder</Filter>
    </ClCompile>
    <ClCompile Include="Src\Image\astc-encoder\astcenccli_toplevel_help.cpp">
      <Filter>Source Files\Image\astc-encoder</Filter>
    </ClCompile>
    <ClCompile Include="Src\Image\DDS\SL2Dds.cpp">
      <Filter>Source Files\Image\DDS</Filter>
    </ClCompile>
    <ClCompile Include="Src\Utilities\SL2FeatureSet.cpp">
      <Filter>Source Files\Utilities</Filter>
    </ClCompile>
    <ClCompile Include="Src\Utilities\SL2Resampler.cpp">
      <Filter>Source Files\Utilities</Filter>
    </ClCompile>
    <ClCompile Include="Src\Image\SL2TextureAddressing.cpp">
      <Filter>Source Files\Image</Filter>
    </ClCompile>
    <ClCompile Include="Src\Image\SL2Kernel.cpp">
      <Filter>Source Files\Image</Filter>
    </ClCompile>
    <ClCompile Include="Src\Image\ICC\SL2Icc.cpp">
      <Filter>Source Files\Image\ICC</Filter>
    </ClCompile>
    <ClCompile Include="Src\Image\Little-CMS\src\cmsalpha.c">
      <Filter>Source Files\Image\Little-CMS\src</Filter>
    </ClCompile>
    <ClCompile Include="Src\Image\Little-CMS\src\cmscam02.c">
      <Filter>Source Files\Image\Little-CMS\src</Filter>
    </ClCompile>
    <ClCompile Include="Src\Image\Little-CMS\src\cmscgats.c">
      <Filter>Source Files\Image\Little-CMS\src</Filter>
    </ClCompile>
    <ClCompile Include="Src\Image\Little-CMS\src\cmscnvrt.c">
      <Filter>Source Files\Image\Little-CMS\src</Filter>
    </ClCompile>
    <ClCompile Include="Src\Image\Little-CMS\src\cmserr.c">
      <Filter>Source Files\Image\Little-CMS\src</Filter>
    </ClCompile>
    <ClCompile Include="Src\Image\Little-CMS\src\cmsgamma.c">
      <Filter>Source Files\Image\Little-CMS\src</Filter>
    </ClCompile>
    <ClCompile Include="Src\Image\Little-CMS\src\cmsgmt.c">
      <Filter>Source Files\Image\Little-CMS\src</Filter>
    </ClCompile>
    <ClCompile Include="Src\Image\Little-CMS\src\cmshalf.c">
      <Filter>Source Files\Image\Little-CMS\src</Filter>
    </ClCompile>
    <ClCompile Include="Src\Image\Little-CMS\src\cmsintrp.c">
      <Filter>Source Files\Image\Little-CMS\src</Filter>
    </ClCompile>
    <ClCompile Include="Src\Image\Little-CMS\src\cmsio0.c">
      <Filter>Source Files\Image\Little-CMS\src</Filter>
    </ClCompile>
    <ClCompile Include="Src\Image\Little-CMS\src\cmsio1.c">
      <Filter>Source Files\Image\Little-CMS\src</Filter>
    </ClCompile>
    <ClCompile Include="Src\Image\Little-CMS\src\cmslut.c">
      <Filter>Source Files\Image\Little-CMS\src</Filter>
    </ClCompile>
    <ClCompile Include="Src\Image\Little-CMS\src\cmsmd5.c">
      <Filter>Source Files\Image\Little-CMS\src</Filter>
    </ClCompile>
    <ClCompile Include="Src\Image\Little-CMS\src\cmsmtrx.c">
      <Filter>Source Files\Image\Little-CMS\src</Filter>
    </ClCompile>
    <ClCompile Include="Src\Image\Little-CMS\src\cmsnamed.c">
      <Filter>Source Files\Image\Little-CMS\src</Filter>
    </ClCompile>
    <ClCompile Include="Src\Image\Little-CMS\src\cmsopt.c">
      <Filter>Source Files\Image\Little-CMS\src</Filter>
    </ClCompile>
    <ClCompile Include="Src\Image\Little-CMS\src\cmspack.c">
      <Filter>Source Files\Image\Little-CMS\src</Filter>
    </ClCompile>
    <ClCompile Include="Src\Image\Little-CMS\src\cmspcs.c">
      <Filter>Source Files\Image\Little-CMS\src</Filter>
    </ClCompile>
    <ClCompile Include="Src\Image\Little-CMS\src\cmsplugin.c">
      <Filter>Source Files\Image\Little-CMS\src</Filter>
    </ClCompile>
    <ClCompile Include="Src\Image\Little-CMS\src\cmsps2.c">
      <Filter>Source Files\Image\Little-CMS\src</Filter>
    </ClCompile>
    <ClCompile Include="Src\Image\Little-CMS\src\cmssamp.c">
      <Filter>Source Files\Image\Little-CMS\src</Filter>
    </ClCompile>
    <ClCompile Include="Src\Image\Little-CMS\src\cmssm.c">
      <Filter>Source Files\Image\Little-CMS\src</Filter>
    </ClCompile>
    <ClCompile Include="Src\Image\Little-CMS\src\cmstypes.c">
      <Filter>Source Files\Image\Little-CMS\src</Filter>
    </ClCompile>
    <ClCompile Include="Src\Image\Little-CMS\src\cmsvirt.c">
      <Filter>Source Files\Image\Little-CMS\src</Filter>
    </ClCompile>
    <ClCompile Include="Src\Image\Little-CMS\src\cmswtpnt.c">
      <Filter>Source Files\Image\Little-CMS\src</Filter>
    </ClCompile>
    <ClCompile Include="Src\Image\Little-CMS\src\cmsxform.c">
      <Filter>Source Files\Image\Little-CMS\src</Filter>
    </ClCompile>
    <ClCompile Include="Src\Image\SL2Palette.cpp">
      <Filter>Source Files\Image</Filter>
    </ClCompile>
  </ItemGroup>
  <ItemGroup>
    <None Include="Src\Image\KTX-Software\lib\texture_funcs.inl">
      <Filter>Header Files\Image\KTX-Software\lib</Filter>
    </None>
    <None Include="Src\Image\KTX-Software\lib\dfdutils\dfd2vk.inl">
      <Filter>Header Files\Image\KTX-Software\lib\dfdutils</Filter>
    </None>
    <None Include="Src\Image\KTX-Software\lib\dfdutils\vk2dfd.inl">
      <Filter>Header Files\Image\KTX-Software\lib\dfdutils</Filter>
    </None>
    <None Include="Src\Image\KTX-Software\lib\basisu\transcoder\basisu_transcoder_tables_astc.inc">
      <Filter>Header Files\Image\KTX-Software\lib\basisu\transcoder</Filter>
    </None>
    <None Include="Src\Image\KTX-Software\lib\basisu\transcoder\basisu_transcoder_tables_astc_0_255.inc">
      <Filter>Header Files\Image\KTX-Software\lib\basisu\transcoder</Filter>
    </None>
    <None Include="Src\Image\KTX-Software\lib\basisu\transcoder\basisu_transcoder_tables_atc_55.inc">
      <Filter>Header Files\Image\KTX-Software\lib\basisu\transcoder</Filter>
    </None>
    <None Include="Src\Image\KTX-Software\lib\basisu\transcoder\basisu_transcoder_tables_atc_56.inc">
      <Filter>Header Files\Image\KTX-Software\lib\basisu\transcoder</Filter>
    </None>
    <None Include="Src\Image\KTX-Software\lib\basisu\transcoder\basisu_transcoder_tables_bc7_m5_alpha.inc">
      <Filter>Header Files\Image\KTX-Software\lib\basisu\transcoder</Filter>
    </None>
    <None Include="Src\Image\KTX-Software\lib\basisu\transcoder\basisu_transcoder_tables_bc7_m5_color.inc">
      <Filter>Header Files\Image\KTX-Software\lib\basisu\transcoder</Filter>
    </None>
    <None Include="Src\Image\KTX-Software\lib\basisu\transcoder\basisu_transcoder_tables_dxt1_5.inc">
      <Filter>Header Files\Image\KTX-Software\lib\basisu\transcoder</Filter>
    </None>
    <None Include="Src\Image\KTX-Software\lib\basisu\transcoder\basisu_transcoder_tables_dxt1_6.inc">
      <Filter>Header Files\Image\KTX-Software\lib\basisu\transcoder</Filter>
    </None>
    <None Include="Src\Image\KTX-Software\lib\basisu\transcoder\basisu_transcoder_tables_pvrtc2_45.inc">
      <Filter>Header Files\Image\KTX-Software\lib\basisu\transcoder</Filter>
    </None>
    <None Include="Src\Image\KTX-Software\lib\basisu\transcoder\basisu_transcoder_tables_pvrtc2_alpha_33.inc">
      <Filter>Header Files\Image\KTX-Software\lib\basisu\transcoder</Filter>
    </None>
    <None Include="Src\Image\astc-encoder\astcenccli_version.h.in">
      <Filter>Source Files\Image\astc-encoder</Filter>
    </None>
  </ItemGroup>
  <ItemGroup>
    <CustomBuild Include="Src\Image\ISPC\kernel.ispc">
      <Filter>Source Files\Image\ISPC</Filter>
    </CustomBuild>
    <CustomBuild Include="Src\Image\ISPC\kernel_astc.ispc">
      <Filter>Source Files\Image\ISPC</Filter>
    </CustomBuild>
    <CustomBuild Include="Src\Image\ISPC\cielab.ispc">
      <Filter>Source Files\Image\ISPC</Filter>
    </CustomBuild>
  </ItemGroup>
</Project>